
Microsoft Visual Studio Solution File, Format Version 12.00
# Visual Studio Version 17
VisualStudioVersion = 17.9.34728.123
MinimumVisualStudioVersion = 10.0.40219.1
Project("{9A19103F-16F7-4668-BE54-9A1E7A4F7556}") = "tns2tool", "tns2tool\tns2tool.csproj", "{B354F10B-3B9F-44A6-9DD4-255C6FCA6FC5}"
EndProject
Global
	GlobalSection(SolutionConfigurationPlatforms) = preSolution
		Debug|Any CPU = Debug|Any CPU
		FullRelease|Any CPU = FullRelease|Any CPU
		Release|Any CPU = Release|Any CPU
	EndGlobalSection
	GlobalSection(ProjectConfigurationPlatforms) = postSolution
		{B354F10B-3B9F-44A6-9DD4-255C6FCA6FC5}.Debug|Any CPU.ActiveCfg = Debug|Any CPU
		{B354F10B-3B9F-44A6-9DD4-255C6FCA6FC5}.Debug|Any CPU.Build.0 = Debug|Any CPU
		{B354F10B-3B9F-44A6-9DD4-255C6FCA6FC5}.FullRelease|Any CPU.ActiveCfg = FullRelease|Any CPU
		{B354F10B-3B9F-44A6-9DD4-255C6FCA6FC5}.FullRelease|Any CPU.Build.0 = FullRelease|Any CPU
		{B354F10B-3B9F-44A6-9DD4-255C6FCA6FC5}.Release|Any CPU.ActiveCfg = Release|Any CPU
		{B354F10B-3B9F-44A6-9DD4-255C6FCA6FC5}.Release|Any CPU.Build.0 = Release|Any CPU
	EndGlobalSection
	GlobalSection(SolutionProperties) = preSolution
		HideSolutionNode = FALSE
	EndGlobalSection
	GlobalSection(ExtensibilityGlobals) = postSolution
		SolutionGuid = {5574CF17-39BE-4042-8D88-42300837B0E0}
	EndGlobalSection
EndGlobal
